// !$*UTF8*$!
{
	archiveVersion = 1;
	classes = {
	};
	objectVersion = 51;
	objects = {

/* Begin PBXBuildFile section */
		04419B8A23C40EDF00AAA181 /* ValidationResult.swift in Sources */ = {isa = PBXBuildFile; fileRef = 04419B8923C40EDF00AAA181 /* ValidationResult.swift */; };
		04419B8C23C40FC000AAA181 /* PaymentValidation.swift in Sources */ = {isa = PBXBuildFile; fileRef = 04419B8B23C40FC000AAA181 /* PaymentValidation.swift */; };
		04419B8E23C410BE00AAA181 /* ValidationUtils.swift in Sources */ = {isa = PBXBuildFile; fileRef = 04419B8D23C410BE00AAA181 /* ValidationUtils.swift */; };
		04419B9023C4204600AAA181 /* BaseViewController.swift in Sources */ = {isa = PBXBuildFile; fileRef = 04419B8F23C4204600AAA181 /* BaseViewController.swift */; };
		04F2C6FC23C3229800A2D1DA /* AppDelegate.swift in Sources */ = {isa = PBXBuildFile; fileRef = 04F2C6FB23C3229800A2D1DA /* AppDelegate.swift */; };
		04F2C6FE23C3229800A2D1DA /* SceneDelegate.swift in Sources */ = {isa = PBXBuildFile; fileRef = 04F2C6FD23C3229800A2D1DA /* SceneDelegate.swift */; };
		04F2C70023C3229800A2D1DA /* ViewController.swift in Sources */ = {isa = PBXBuildFile; fileRef = 04F2C6FF23C3229800A2D1DA /* ViewController.swift */; };
		04F2C70323C3229800A2D1DA /* Main.storyboard in Resources */ = {isa = PBXBuildFile; fileRef = 04F2C70123C3229800A2D1DA /* Main.storyboard */; };
		04F2C70623C3229800A2D1DA /* StockMarketTrading.xcdatamodeld in Sources */ = {isa = PBXBuildFile; fileRef = 04F2C70423C3229800A2D1DA /* StockMarketTrading.xcdatamodeld */; };
		04F2C70823C3229A00A2D1DA /* Assets.xcassets in Resources */ = {isa = PBXBuildFile; fileRef = 04F2C70723C3229A00A2D1DA /* Assets.xcassets */; };
		04F2C70B23C3229A00A2D1DA /* LaunchScreen.storyboard in Resources */ = {isa = PBXBuildFile; fileRef = 04F2C70923C3229A00A2D1DA /* LaunchScreen.storyboard */; };
		04F2C71623C3229A00A2D1DA /* StockMarketTradingTests.swift in Sources */ = {isa = PBXBuildFile; fileRef = 04F2C71523C3229A00A2D1DA /* StockMarketTradingTests.swift */; };
		04F2C72123C3229A00A2D1DA /* StockMarketTradingUITests.swift in Sources */ = {isa = PBXBuildFile; fileRef = 04F2C72023C3229A00A2D1DA /* StockMarketTradingUITests.swift */; };
		04F2C73023C3252100A2D1DA /* generate-swiftgen.sh in Resources */ = {isa = PBXBuildFile; fileRef = 04F2C72E23C3252100A2D1DA /* generate-swiftgen.sh */; };
		04F2C73123C3252100A2D1DA /* swiftgen.yml in Resources */ = {isa = PBXBuildFile; fileRef = 04F2C72F23C3252100A2D1DA /* swiftgen.yml */; };
		04F2C78923C3262200A2D1DA /* StoryboardSegues.swift in Sources */ = {isa = PBXBuildFile; fileRef = 04F2C73823C3262200A2D1DA /* StoryboardSegues.swift */; };
		04F2C78A23C3262200A2D1DA /* StoryboardScenes.swift in Sources */ = {isa = PBXBuildFile; fileRef = 04F2C73923C3262200A2D1DA /* StoryboardScenes.swift */; };
		04F2C78B23C3262200A2D1DA /* GeneratedStrings.swift in Sources */ = {isa = PBXBuildFile; fileRef = 04F2C73B23C3262200A2D1DA /* GeneratedStrings.swift */; };
		04F2C78D23C3262200A2D1DA /* GeneratedColors.swift in Sources */ = {isa = PBXBuildFile; fileRef = 04F2C73F23C3262200A2D1DA /* GeneratedColors.swift */; };
		04F2C78E23C3262200A2D1DA /* GeneratedFonts.swift in Sources */ = {isa = PBXBuildFile; fileRef = 04F2C74123C3262200A2D1DA /* GeneratedFonts.swift */; };
		04F2C78F23C3262200A2D1DA /* Assets.swift in Sources */ = {isa = PBXBuildFile; fileRef = 04F2C74323C3262200A2D1DA /* Assets.swift */; };
		04F2C79023C3262200A2D1DA /* GeneratedJSONFiles.swift in Sources */ = {isa = PBXBuildFile; fileRef = 04F2C74523C3262200A2D1DA /* GeneratedJSONFiles.swift */; };
		04F2C79123C3262200A2D1DA /* CustomButton.swift in Sources */ = {isa = PBXBuildFile; fileRef = 04F2C74823C3262200A2D1DA /* CustomButton.swift */; };
		04F2C79223C3262200A2D1DA /* ReusableView.swift in Sources */ = {isa = PBXBuildFile; fileRef = 04F2C74923C3262200A2D1DA /* ReusableView.swift */; };
		04F2C79623C3262200A2D1DA /* DateFormatter+Formatters.swift in Sources */ = {isa = PBXBuildFile; fileRef = 04F2C75123C3262200A2D1DA /* DateFormatter+Formatters.swift */; };
		04F2C79723C3262200A2D1DA /* String+Extension .swift in Sources */ = {isa = PBXBuildFile; fileRef = 04F2C75223C3262200A2D1DA /* String+Extension .swift */; };
		04F2C79823C3262200A2D1DA /* Date+Extensions.swift in Sources */ = {isa = PBXBuildFile; fileRef = 04F2C75323C3262200A2D1DA /* Date+Extensions.swift */; };
		04F2C79A23C3262200A2D1DA /* FontExtension.swift in Sources */ = {isa = PBXBuildFile; fileRef = 04F2C75523C3262200A2D1DA /* FontExtension.swift */; };
		04F2C79B23C3262200A2D1DA /* CustomViewExtension.swift in Sources */ = {isa = PBXBuildFile; fileRef = 04F2C75623C3262200A2D1DA /* CustomViewExtension.swift */; };
		04F2C79D23C3262200A2D1DA /* UIViewControllerExtension.swift in Sources */ = {isa = PBXBuildFile; fileRef = 04F2C75923C3262200A2D1DA /* UIViewControllerExtension.swift */; };
		04F2C79E23C3262200A2D1DA /* NavigationControllerExtension.swift in Sources */ = {isa = PBXBuildFile; fileRef = 04F2C75A23C3262200A2D1DA /* NavigationControllerExtension.swift */; };
		04F2C79F23C3262200A2D1DA /* BundleExtension.swift in Sources */ = {isa = PBXBuildFile; fileRef = 04F2C75B23C3262200A2D1DA /* BundleExtension.swift */; };
		04F2C7A123C3262200A2D1DA /* ColourConstant.swift in Sources */ = {isa = PBXBuildFile; fileRef = 04F2C75D23C3262200A2D1DA /* ColourConstant.swift */; };
		04F2C7A223C3262200A2D1DA /* UITableView+Extensions.swift in Sources */ = {isa = PBXBuildFile; fileRef = 04F2C75E23C3262200A2D1DA /* UITableView+Extensions.swift */; };
		04F2C7A323C3262200A2D1DA /* UIAlertControllerExtension.swift in Sources */ = {isa = PBXBuildFile; fileRef = 04F2C76023C3262200A2D1DA /* UIAlertControllerExtension.swift */; };
		04F2C7A423C3262200A2D1DA /* AlertAction.swift in Sources */ = {isa = PBXBuildFile; fileRef = 04F2C76123C3262200A2D1DA /* AlertAction.swift */; };
		04F2C7AB23C3262200A2D1DA /* DashBoard.strings in Resources */ = {isa = PBXBuildFile; fileRef = 04F2C76C23C3262200A2D1DA /* DashBoard.strings */; };
		04F2C7AC23C3262200A2D1DA /* Mock.strings in Resources */ = {isa = PBXBuildFile; fileRef = 04F2C76D23C3262200A2D1DA /* Mock.strings */; };
		04F2C7AD23C3262200A2D1DA /* BlockchainTicker.json in Resources */ = {isa = PBXBuildFile; fileRef = 04F2C76F23C3262200A2D1DA /* BlockchainTicker.json */; };
		04F2C7AF23C3262200A2D1DA /* Icons.xcassets in Resources */ = {isa = PBXBuildFile; fileRef = 04F2C77123C3262200A2D1DA /* Icons.xcassets */; };
		04F2C7B023C3262200A2D1DA /* StandardColors.txt in Resources */ = {isa = PBXBuildFile; fileRef = 04F2C77323C3262200A2D1DA /* StandardColors.txt */; };
		04F2C7B123C3262200A2D1DA /* source-sans-pro.regular.ttf in Resources */ = {isa = PBXBuildFile; fileRef = 04F2C77523C3262200A2D1DA /* source-sans-pro.regular.ttf */; };
		04F2C7B223C3262200A2D1DA /* source-sans-pro.light.ttf in Resources */ = {isa = PBXBuildFile; fileRef = 04F2C77623C3262200A2D1DA /* source-sans-pro.light.ttf */; };
		04F2C7B323C3262200A2D1DA /* source-sans-pro.bold.ttf in Resources */ = {isa = PBXBuildFile; fileRef = 04F2C77723C3262200A2D1DA /* source-sans-pro.bold.ttf */; };
		04F2C7B723C3262200A2D1DA /* URLRequest+Extensions.swift in Sources */ = {isa = PBXBuildFile; fileRef = 04F2C78023C3262200A2D1DA /* URLRequest+Extensions.swift */; };
		04F2C7B923C3262200A2D1DA /* WebService.swift in Sources */ = {isa = PBXBuildFile; fileRef = 04F2C78223C3262200A2D1DA /* WebService.swift */; };
		04F2C7BA23C3262200A2D1DA /* URL+Extensions.swift in Sources */ = {isa = PBXBuildFile; fileRef = 04F2C78323C3262200A2D1DA /* URL+Extensions.swift */; };
		04F2C7BB23C3262200A2D1DA /* NetworkError.swift in Sources */ = {isa = PBXBuildFile; fileRef = 04F2C78423C3262200A2D1DA /* NetworkError.swift */; };
		04F2C7C023C3420600A2D1DA /* .swiftlint.yml in Resources */ = {isa = PBXBuildFile; fileRef = 04F2C7BF23C3420600A2D1DA /* .swiftlint.yml */; };
		04F2C7C323C34F0800A2D1DA /* DashboardViewController.swift in Sources */ = {isa = PBXBuildFile; fileRef = 04F2C7C223C34F0800A2D1DA /* DashboardViewController.swift */; };
		04F2C7C523C34F1D00A2D1DA /* DashboardViewModel.swift in Sources */ = {isa = PBXBuildFile; fileRef = 04F2C7C423C34F1D00A2D1DA /* DashboardViewModel.swift */; };
		04F2C7C723C3502800A2D1DA /* PaymentsNetwork.swift in Sources */ = {isa = PBXBuildFile; fileRef = 04F2C7C623C3502800A2D1DA /* PaymentsNetwork.swift */; };
		04F2C7C923C350EB00A2D1DA /* PriceModel.swift in Sources */ = {isa = PBXBuildFile; fileRef = 04F2C7C823C350EB00A2D1DA /* PriceModel.swift */; };
		04F2C7CC23C3537400A2D1DA /* GeneratedMocks.swift in Sources */ = {isa = PBXBuildFile; fileRef = 04F2C7CB23C3537400A2D1DA /* GeneratedMocks.swift */; };
		04F2C7CF23C3544700A2D1DA /* PaymentsNetwork.json in Resources */ = {isa = PBXBuildFile; fileRef = 04F2C7CE23C3544700A2D1DA /* PaymentsNetwork.json */; };
		04F2C7D323C3545200A2D1DA /* MaterializedSequenceResult.swift in Sources */ = {isa = PBXBuildFile; fileRef = 04F2C7D023C3545100A2D1DA /* MaterializedSequenceResult.swift */; };
		04F2C7D423C3545200A2D1DA /* MockError.swift in Sources */ = {isa = PBXBuildFile; fileRef = 04F2C7D123C3545100A2D1DA /* MockError.swift */; };
		04F2C7D523C3545200A2D1DA /* MockData.swift in Sources */ = {isa = PBXBuildFile; fileRef = 04F2C7D223C3545100A2D1DA /* MockData.swift */; };
		04F2C7D723C3547800A2D1DA /* PaymentsNetworkTests.swift in Sources */ = {isa = PBXBuildFile; fileRef = 04F2C7D623C3547800A2D1DA /* PaymentsNetworkTests.swift */; };
		04F2C7D923C35C0900A2D1DA /* DashboardViewModelTests.swift in Sources */ = {isa = PBXBuildFile; fileRef = 04F2C7D823C35C0900A2D1DA /* DashboardViewModelTests.swift */; };
		1749023E2A20F34A81F4E860 /* Pods_StockMarketTradingTests.framework in Frameworks */ = {isa = PBXBuildFile; fileRef = DB137491B291CC85F7EAA03D /* Pods_StockMarketTradingTests.framework */; };
		4E7D2B52BA0BF089FB4021DE /* Pods_StockMarketTrading_StockMarketTradingUITests.framework in Frameworks */ = {isa = PBXBuildFile; fileRef = 7057BACBFF55C605B34B5F1B /* Pods_StockMarketTrading_StockMarketTradingUITests.framework */; };
		C2059915FAF20D367BAD2A62 /* Pods_StockMarketTrading.framework in Frameworks */ = {isa = PBXBuildFile; fileRef = 0D3A4AD6E8B955C7BA45DAC0 /* Pods_StockMarketTrading.framework */; };
/* End PBXBuildFile section */

/* Begin PBXContainerItemProxy section */
		04F2C71223C3229A00A2D1DA /* PBXContainerItemProxy */ = {
			isa = PBXContainerItemProxy;
			containerPortal = 04F2C6F023C3229800A2D1DA /* Project object */;
			proxyType = 1;
			remoteGlobalIDString = 04F2C6F723C3229800A2D1DA;
			remoteInfo = StockMarketTrading;
		};
		04F2C71D23C3229A00A2D1DA /* PBXContainerItemProxy */ = {
			isa = PBXContainerItemProxy;
			containerPortal = 04F2C6F023C3229800A2D1DA /* Project object */;
			proxyType = 1;
			remoteGlobalIDString = 04F2C6F723C3229800A2D1DA;
			remoteInfo = StockMarketTrading;
		};
/* End PBXContainerItemProxy section */

/* Begin PBXFileReference section */
		04419B8923C40EDF00AAA181 /* ValidationResult.swift */ = {isa = PBXFileReference; lastKnownFileType = sourcecode.swift; path = ValidationResult.swift; sourceTree = "<group>"; };
		04419B8B23C40FC000AAA181 /* PaymentValidation.swift */ = {isa = PBXFileReference; lastKnownFileType = sourcecode.swift; path = PaymentValidation.swift; sourceTree = "<group>"; };
		04419B8D23C410BE00AAA181 /* ValidationUtils.swift */ = {isa = PBXFileReference; lastKnownFileType = sourcecode.swift; path = ValidationUtils.swift; sourceTree = "<group>"; };
		04419B8F23C4204600AAA181 /* BaseViewController.swift */ = {isa = PBXFileReference; lastKnownFileType = sourcecode.swift; path = BaseViewController.swift; sourceTree = "<group>"; };
		04F2C6F823C3229800A2D1DA /* StockMarketTrading.app */ = {isa = PBXFileReference; explicitFileType = wrapper.application; includeInIndex = 0; path = StockMarketTrading.app; sourceTree = BUILT_PRODUCTS_DIR; };
		04F2C6FB23C3229800A2D1DA /* AppDelegate.swift */ = {isa = PBXFileReference; lastKnownFileType = sourcecode.swift; path = AppDelegate.swift; sourceTree = "<group>"; };
		04F2C6FD23C3229800A2D1DA /* SceneDelegate.swift */ = {isa = PBXFileReference; lastKnownFileType = sourcecode.swift; path = SceneDelegate.swift; sourceTree = "<group>"; };
		04F2C6FF23C3229800A2D1DA /* ViewController.swift */ = {isa = PBXFileReference; lastKnownFileType = sourcecode.swift; path = ViewController.swift; sourceTree = "<group>"; };
		04F2C70223C3229800A2D1DA /* Base */ = {isa = PBXFileReference; lastKnownFileType = file.storyboard; name = Base; path = Base.lproj/Main.storyboard; sourceTree = "<group>"; };
		04F2C70523C3229800A2D1DA /* StockMarketTrading.xcdatamodel */ = {isa = PBXFileReference; lastKnownFileType = wrapper.xcdatamodel; path = StockMarketTrading.xcdatamodel; sourceTree = "<group>"; };
		04F2C70723C3229A00A2D1DA /* Assets.xcassets */ = {isa = PBXFileReference; lastKnownFileType = folder.assetcatalog; path = Assets.xcassets; sourceTree = "<group>"; };
		04F2C70A23C3229A00A2D1DA /* Base */ = {isa = PBXFileReference; lastKnownFileType = file.storyboard; name = Base; path = Base.lproj/LaunchScreen.storyboard; sourceTree = "<group>"; };
		04F2C70C23C3229A00A2D1DA /* Info.plist */ = {isa = PBXFileReference; lastKnownFileType = text.plist.xml; path = Info.plist; sourceTree = "<group>"; };
		04F2C71123C3229A00A2D1DA /* StockMarketTradingTests.xctest */ = {isa = PBXFileReference; explicitFileType = wrapper.cfbundle; includeInIndex = 0; path = StockMarketTradingTests.xctest; sourceTree = BUILT_PRODUCTS_DIR; };
		04F2C71523C3229A00A2D1DA /* StockMarketTradingTests.swift */ = {isa = PBXFileReference; lastKnownFileType = sourcecode.swift; path = StockMarketTradingTests.swift; sourceTree = "<group>"; };
		04F2C71723C3229A00A2D1DA /* Info.plist */ = {isa = PBXFileReference; lastKnownFileType = text.plist.xml; path = Info.plist; sourceTree = "<group>"; };
		04F2C71C23C3229A00A2D1DA /* StockMarketTradingUITests.xctest */ = {isa = PBXFileReference; explicitFileType = wrapper.cfbundle; includeInIndex = 0; path = StockMarketTradingUITests.xctest; sourceTree = BUILT_PRODUCTS_DIR; };
		04F2C72023C3229A00A2D1DA /* StockMarketTradingUITests.swift */ = {isa = PBXFileReference; lastKnownFileType = sourcecode.swift; path = StockMarketTradingUITests.swift; sourceTree = "<group>"; };
		04F2C72223C3229A00A2D1DA /* Info.plist */ = {isa = PBXFileReference; lastKnownFileType = text.plist.xml; path = Info.plist; sourceTree = "<group>"; };
		04F2C72E23C3252100A2D1DA /* generate-swiftgen.sh */ = {isa = PBXFileReference; fileEncoding = 4; lastKnownFileType = text.script.sh; path = "generate-swiftgen.sh"; sourceTree = "<group>"; };
		04F2C72F23C3252100A2D1DA /* swiftgen.yml */ = {isa = PBXFileReference; fileEncoding = 4; lastKnownFileType = text.yaml; path = swiftgen.yml; sourceTree = "<group>"; };
		04F2C73823C3262200A2D1DA /* StoryboardSegues.swift */ = {isa = PBXFileReference; fileEncoding = 4; lastKnownFileType = sourcecode.swift; path = StoryboardSegues.swift; sourceTree = "<group>"; };
		04F2C73923C3262200A2D1DA /* StoryboardScenes.swift */ = {isa = PBXFileReference; fileEncoding = 4; lastKnownFileType = sourcecode.swift; path = StoryboardScenes.swift; sourceTree = "<group>"; };
		04F2C73B23C3262200A2D1DA /* GeneratedStrings.swift */ = {isa = PBXFileReference; fileEncoding = 4; lastKnownFileType = sourcecode.swift; path = GeneratedStrings.swift; sourceTree = "<group>"; };
		04F2C73F23C3262200A2D1DA /* GeneratedColors.swift */ = {isa = PBXFileReference; fileEncoding = 4; lastKnownFileType = sourcecode.swift; path = GeneratedColors.swift; sourceTree = "<group>"; };
		04F2C74123C3262200A2D1DA /* GeneratedFonts.swift */ = {isa = PBXFileReference; fileEncoding = 4; lastKnownFileType = sourcecode.swift; path = GeneratedFonts.swift; sourceTree = "<group>"; };
		04F2C74323C3262200A2D1DA /* Assets.swift */ = {isa = PBXFileReference; fileEncoding = 4; lastKnownFileType = sourcecode.swift; path = Assets.swift; sourceTree = "<group>"; };
		04F2C74523C3262200A2D1DA /* GeneratedJSONFiles.swift */ = {isa = PBXFileReference; fileEncoding = 4; lastKnownFileType = sourcecode.swift; path = GeneratedJSONFiles.swift; sourceTree = "<group>"; };
		04F2C74823C3262200A2D1DA /* CustomButton.swift */ = {isa = PBXFileReference; fileEncoding = 4; lastKnownFileType = sourcecode.swift; path = CustomButton.swift; sourceTree = "<group>"; };
		04F2C74923C3262200A2D1DA /* ReusableView.swift */ = {isa = PBXFileReference; fileEncoding = 4; lastKnownFileType = sourcecode.swift; path = ReusableView.swift; sourceTree = "<group>"; };
		04F2C75123C3262200A2D1DA /* DateFormatter+Formatters.swift */ = {isa = PBXFileReference; fileEncoding = 4; lastKnownFileType = sourcecode.swift; path = "DateFormatter+Formatters.swift"; sourceTree = "<group>"; };
		04F2C75223C3262200A2D1DA /* String+Extension .swift */ = {isa = PBXFileReference; fileEncoding = 4; lastKnownFileType = sourcecode.swift; path = "String+Extension .swift"; sourceTree = "<group>"; };
		04F2C75323C3262200A2D1DA /* Date+Extensions.swift */ = {isa = PBXFileReference; fileEncoding = 4; lastKnownFileType = sourcecode.swift; path = "Date+Extensions.swift"; sourceTree = "<group>"; };
		04F2C75523C3262200A2D1DA /* FontExtension.swift */ = {isa = PBXFileReference; fileEncoding = 4; lastKnownFileType = sourcecode.swift; path = FontExtension.swift; sourceTree = "<group>"; };
		04F2C75623C3262200A2D1DA /* CustomViewExtension.swift */ = {isa = PBXFileReference; fileEncoding = 4; lastKnownFileType = sourcecode.swift; path = CustomViewExtension.swift; sourceTree = "<group>"; };
		04F2C75923C3262200A2D1DA /* UIViewControllerExtension.swift */ = {isa = PBXFileReference; fileEncoding = 4; lastKnownFileType = sourcecode.swift; path = UIViewControllerExtension.swift; sourceTree = "<group>"; };
		04F2C75A23C3262200A2D1DA /* NavigationControllerExtension.swift */ = {isa = PBXFileReference; fileEncoding = 4; lastKnownFileType = sourcecode.swift; path = NavigationControllerExtension.swift; sourceTree = "<group>"; };
		04F2C75B23C3262200A2D1DA /* BundleExtension.swift */ = {isa = PBXFileReference; fileEncoding = 4; lastKnownFileType = sourcecode.swift; path = BundleExtension.swift; sourceTree = "<group>"; };
		04F2C75D23C3262200A2D1DA /* ColourConstant.swift */ = {isa = PBXFileReference; fileEncoding = 4; lastKnownFileType = sourcecode.swift; path = ColourConstant.swift; sourceTree = "<group>"; };
		04F2C75E23C3262200A2D1DA /* UITableView+Extensions.swift */ = {isa = PBXFileReference; fileEncoding = 4; lastKnownFileType = sourcecode.swift; path = "UITableView+Extensions.swift"; sourceTree = "<group>"; };
		04F2C76023C3262200A2D1DA /* UIAlertControllerExtension.swift */ = {isa = PBXFileReference; fileEncoding = 4; lastKnownFileType = sourcecode.swift; path = UIAlertControllerExtension.swift; sourceTree = "<group>"; };
		04F2C76123C3262200A2D1DA /* AlertAction.swift */ = {isa = PBXFileReference; fileEncoding = 4; lastKnownFileType = sourcecode.swift; path = AlertAction.swift; sourceTree = "<group>"; };
		04F2C76C23C3262200A2D1DA /* DashBoard.strings */ = {isa = PBXFileReference; fileEncoding = 4; lastKnownFileType = text.plist.strings; path = DashBoard.strings; sourceTree = "<group>"; };
		04F2C76D23C3262200A2D1DA /* Mock.strings */ = {isa = PBXFileReference; fileEncoding = 4; lastKnownFileType = text.plist.strings; path = Mock.strings; sourceTree = "<group>"; };
		04F2C76F23C3262200A2D1DA /* BlockchainTicker.json */ = {isa = PBXFileReference; fileEncoding = 4; lastKnownFileType = text.json; path = BlockchainTicker.json; sourceTree = "<group>"; };
		04F2C77123C3262200A2D1DA /* Icons.xcassets */ = {isa = PBXFileReference; lastKnownFileType = folder.assetcatalog; path = Icons.xcassets; sourceTree = "<group>"; };
		04F2C77323C3262200A2D1DA /* StandardColors.txt */ = {isa = PBXFileReference; fileEncoding = 4; lastKnownFileType = text; path = StandardColors.txt; sourceTree = "<group>"; };
		04F2C77523C3262200A2D1DA /* source-sans-pro.regular.ttf */ = {isa = PBXFileReference; lastKnownFileType = file; path = "source-sans-pro.regular.ttf"; sourceTree = "<group>"; };
		04F2C77623C3262200A2D1DA /* source-sans-pro.light.ttf */ = {isa = PBXFileReference; lastKnownFileType = file; path = "source-sans-pro.light.ttf"; sourceTree = "<group>"; };
		04F2C77723C3262200A2D1DA /* source-sans-pro.bold.ttf */ = {isa = PBXFileReference; lastKnownFileType = file; path = "source-sans-pro.bold.ttf"; sourceTree = "<group>"; };
		04F2C78023C3262200A2D1DA /* URLRequest+Extensions.swift */ = {isa = PBXFileReference; fileEncoding = 4; lastKnownFileType = sourcecode.swift; path = "URLRequest+Extensions.swift"; sourceTree = "<group>"; };
		04F2C78223C3262200A2D1DA /* WebService.swift */ = {isa = PBXFileReference; fileEncoding = 4; lastKnownFileType = sourcecode.swift; path = WebService.swift; sourceTree = "<group>"; };
		04F2C78323C3262200A2D1DA /* URL+Extensions.swift */ = {isa = PBXFileReference; fileEncoding = 4; lastKnownFileType = sourcecode.swift; path = "URL+Extensions.swift"; sourceTree = "<group>"; };
		04F2C78423C3262200A2D1DA /* NetworkError.swift */ = {isa = PBXFileReference; fileEncoding = 4; lastKnownFileType = sourcecode.swift; path = NetworkError.swift; sourceTree = "<group>"; };
		04F2C7BF23C3420600A2D1DA /* .swiftlint.yml */ = {isa = PBXFileReference; lastKnownFileType = text.yaml; path = .swiftlint.yml; sourceTree = "<group>"; };
		04F2C7C223C34F0800A2D1DA /* DashboardViewController.swift */ = {isa = PBXFileReference; lastKnownFileType = sourcecode.swift; path = DashboardViewController.swift; sourceTree = "<group>"; };
		04F2C7C423C34F1D00A2D1DA /* DashboardViewModel.swift */ = {isa = PBXFileReference; lastKnownFileType = sourcecode.swift; path = DashboardViewModel.swift; sourceTree = "<group>"; };
		04F2C7C623C3502800A2D1DA /* PaymentsNetwork.swift */ = {isa = PBXFileReference; lastKnownFileType = sourcecode.swift; path = PaymentsNetwork.swift; sourceTree = "<group>"; };
		04F2C7C823C350EB00A2D1DA /* PriceModel.swift */ = {isa = PBXFileReference; lastKnownFileType = sourcecode.swift; path = PriceModel.swift; sourceTree = "<group>"; };
		04F2C7CB23C3537400A2D1DA /* GeneratedMocks.swift */ = {isa = PBXFileReference; fileEncoding = 4; lastKnownFileType = sourcecode.swift; path = GeneratedMocks.swift; sourceTree = "<group>"; };
		04F2C7CE23C3544700A2D1DA /* PaymentsNetwork.json */ = {isa = PBXFileReference; fileEncoding = 4; lastKnownFileType = text.json; path = PaymentsNetwork.json; sourceTree = "<group>"; };
		04F2C7D023C3545100A2D1DA /* MaterializedSequenceResult.swift */ = {isa = PBXFileReference; fileEncoding = 4; lastKnownFileType = sourcecode.swift; path = MaterializedSequenceResult.swift; sourceTree = "<group>"; };
		04F2C7D123C3545100A2D1DA /* MockError.swift */ = {isa = PBXFileReference; fileEncoding = 4; lastKnownFileType = sourcecode.swift; path = MockError.swift; sourceTree = "<group>"; };
		04F2C7D223C3545100A2D1DA /* MockData.swift */ = {isa = PBXFileReference; fileEncoding = 4; lastKnownFileType = sourcecode.swift; path = MockData.swift; sourceTree = "<group>"; };
		04F2C7D623C3547800A2D1DA /* PaymentsNetworkTests.swift */ = {isa = PBXFileReference; fileEncoding = 4; lastKnownFileType = sourcecode.swift; path = PaymentsNetworkTests.swift; sourceTree = "<group>"; };
		04F2C7D823C35C0900A2D1DA /* DashboardViewModelTests.swift */ = {isa = PBXFileReference; lastKnownFileType = sourcecode.swift; path = DashboardViewModelTests.swift; sourceTree = "<group>"; };
		0D3A4AD6E8B955C7BA45DAC0 /* Pods_StockMarketTrading.framework */ = {isa = PBXFileReference; explicitFileType = wrapper.framework; includeInIndex = 0; path = Pods_StockMarketTrading.framework; sourceTree = BUILT_PRODUCTS_DIR; };
		17615B426D5C02ECD4DDB54B /* Pods-StockMarketTrading-StockMarketTradingUITests.release.xcconfig */ = {isa = PBXFileReference; includeInIndex = 1; lastKnownFileType = text.xcconfig; name = "Pods-StockMarketTrading-StockMarketTradingUITests.release.xcconfig"; path = "Target Support Files/Pods-StockMarketTrading-StockMarketTradingUITests/Pods-StockMarketTrading-StockMarketTradingUITests.release.xcconfig"; sourceTree = "<group>"; };
		5E1C633FF6D261686F459BE6 /* Pods-StockMarketTradingTests.debug.xcconfig */ = {isa = PBXFileReference; includeInIndex = 1; lastKnownFileType = text.xcconfig; name = "Pods-StockMarketTradingTests.debug.xcconfig"; path = "Target Support Files/Pods-StockMarketTradingTests/Pods-StockMarketTradingTests.debug.xcconfig"; sourceTree = "<group>"; };
		64C1C4CED5A8482F5FC3C816 /* Pods-StockMarketTrading.debug.xcconfig */ = {isa = PBXFileReference; includeInIndex = 1; lastKnownFileType = text.xcconfig; name = "Pods-StockMarketTrading.debug.xcconfig"; path = "Target Support Files/Pods-StockMarketTrading/Pods-StockMarketTrading.debug.xcconfig"; sourceTree = "<group>"; };
		7057BACBFF55C605B34B5F1B /* Pods_StockMarketTrading_StockMarketTradingUITests.framework */ = {isa = PBXFileReference; explicitFileType = wrapper.framework; includeInIndex = 0; path = Pods_StockMarketTrading_StockMarketTradingUITests.framework; sourceTree = BUILT_PRODUCTS_DIR; };
		75ED975483B1A16C9660EB07 /* Pods-StockMarketTrading.release.xcconfig */ = {isa = PBXFileReference; includeInIndex = 1; lastKnownFileType = text.xcconfig; name = "Pods-StockMarketTrading.release.xcconfig"; path = "Target Support Files/Pods-StockMarketTrading/Pods-StockMarketTrading.release.xcconfig"; sourceTree = "<group>"; };
		C53A5DCB1D92BF8271B99651 /* Pods-StockMarketTradingTests.release.xcconfig */ = {isa = PBXFileReference; includeInIndex = 1; lastKnownFileType = text.xcconfig; name = "Pods-StockMarketTradingTests.release.xcconfig"; path = "Target Support Files/Pods-StockMarketTradingTests/Pods-StockMarketTradingTests.release.xcconfig"; sourceTree = "<group>"; };
		DB137491B291CC85F7EAA03D /* Pods_StockMarketTradingTests.framework */ = {isa = PBXFileReference; explicitFileType = wrapper.framework; includeInIndex = 0; path = Pods_StockMarketTradingTests.framework; sourceTree = BUILT_PRODUCTS_DIR; };
		DFA3522B1946C4963F37F475 /* Pods-StockMarketTrading-StockMarketTradingUITests.debug.xcconfig */ = {isa = PBXFileReference; includeInIndex = 1; lastKnownFileType = text.xcconfig; name = "Pods-StockMarketTrading-StockMarketTradingUITests.debug.xcconfig"; path = "Target Support Files/Pods-StockMarketTrading-StockMarketTradingUITests/Pods-StockMarketTrading-StockMarketTradingUITests.debug.xcconfig"; sourceTree = "<group>"; };
/* End PBXFileReference section */

/* Begin PBXFrameworksBuildPhase section */
		04F2C6F523C3229800A2D1DA /* Frameworks */ = {
			isa = PBXFrameworksBuildPhase;
			buildActionMask = 2147483647;
			files = (
				C2059915FAF20D367BAD2A62 /* Pods_StockMarketTrading.framework in Frameworks */,
			);
			runOnlyForDeploymentPostprocessing = 0;
		};
		04F2C70E23C3229A00A2D1DA /* Frameworks */ = {
			isa = PBXFrameworksBuildPhase;
			buildActionMask = 2147483647;
			files = (
				1749023E2A20F34A81F4E860 /* Pods_StockMarketTradingTests.framework in Frameworks */,
			);
			runOnlyForDeploymentPostprocessing = 0;
		};
		04F2C71923C3229A00A2D1DA /* Frameworks */ = {
			isa = PBXFrameworksBuildPhase;
			buildActionMask = 2147483647;
			files = (
				4E7D2B52BA0BF089FB4021DE /* Pods_StockMarketTrading_StockMarketTradingUITests.framework in Frameworks */,
			);
			runOnlyForDeploymentPostprocessing = 0;
		};
/* End PBXFrameworksBuildPhase section */

/* Begin PBXGroup section */
		04419B8823C40EC300AAA181 /* PaymentValidation */ = {
			isa = PBXGroup;
			children = (
				04419B8923C40EDF00AAA181 /* ValidationResult.swift */,
				04419B8B23C40FC000AAA181 /* PaymentValidation.swift */,
				04419B8D23C410BE00AAA181 /* ValidationUtils.swift */,
			);
			path = PaymentValidation;
			sourceTree = "<group>";
		};
		04F2C6EF23C3229800A2D1DA = {
			isa = PBXGroup;
			children = (
				04F2C7BD23C3407C00A2D1DA /* BuildScripts */,
				04F2C6FA23C3229800A2D1DA /* StockMarketTrading */,
				04F2C71423C3229A00A2D1DA /* StockMarketTradingTests */,
				04F2C71F23C3229A00A2D1DA /* StockMarketTradingUITests */,
				04F2C6F923C3229800A2D1DA /* Products */,
				62B36E747D9E61FE972D7B57 /* Pods */,
				E115822AC6EED30058A040E6 /* Frameworks */,
			);
			sourceTree = "<group>";
		};
		04F2C6F923C3229800A2D1DA /* Products */ = {
			isa = PBXGroup;
			children = (
				04F2C6F823C3229800A2D1DA /* StockMarketTrading.app */,
				04F2C71123C3229A00A2D1DA /* StockMarketTradingTests.xctest */,
				04F2C71C23C3229A00A2D1DA /* StockMarketTradingUITests.xctest */,
			);
			name = Products;
			sourceTree = "<group>";
		};
		04F2C6FA23C3229800A2D1DA /* StockMarketTrading */ = {
			isa = PBXGroup;
			children = (
				04F2C77F23C3262200A2D1DA /* Networking */,
				04F2C76223C3262200A2D1DA /* APIWrappers */,
				04F2C76523C3262200A2D1DA /* Models */,
				04F2C73223C3262100A2D1DA /* ViewModel */,
				04F2C78523C3262200A2D1DA /* ViewController */,
				04F2C74623C3262200A2D1DA /* Views */,
				04F2C77823C3262200A2D1DA /* Utility */,
				04F2C74F23C3262200A2D1DA /* Extensions */,
				04F2C76A23C3262200A2D1DA /* Resources */,
				04F2C73523C3262200A2D1DA /* Generated */,
				04F2C6FB23C3229800A2D1DA /* AppDelegate.swift */,
				04F2C6FD23C3229800A2D1DA /* SceneDelegate.swift */,
				04F2C6FF23C3229800A2D1DA /* ViewController.swift */,
				04F2C70123C3229800A2D1DA /* Main.storyboard */,
				04F2C70923C3229A00A2D1DA /* LaunchScreen.storyboard */,
				04F2C70C23C3229A00A2D1DA /* Info.plist */,
				04F2C70423C3229800A2D1DA /* StockMarketTrading.xcdatamodeld */,
			);
			path = StockMarketTrading;
			sourceTree = "<group>";
		};
		04F2C71423C3229A00A2D1DA /* StockMarketTradingTests */ = {
			isa = PBXGroup;
			children = (
				04F2C7CD23C3544700A2D1DA /* MockResources */,
				04F2C7CB23C3537400A2D1DA /* GeneratedMocks.swift */,
				04F2C7D023C3545100A2D1DA /* MaterializedSequenceResult.swift */,
				04F2C7D223C3545100A2D1DA /* MockData.swift */,
				04F2C7D123C3545100A2D1DA /* MockError.swift */,
				04F2C7D623C3547800A2D1DA /* PaymentsNetworkTests.swift */,
				04F2C7D823C35C0900A2D1DA /* DashboardViewModelTests.swift */,
				04F2C71523C3229A00A2D1DA /* StockMarketTradingTests.swift */,
				04F2C71723C3229A00A2D1DA /* Info.plist */,
			);
			path = StockMarketTradingTests;
			sourceTree = "<group>";
		};
		04F2C71F23C3229A00A2D1DA /* StockMarketTradingUITests */ = {
			isa = PBXGroup;
			children = (
				04F2C72023C3229A00A2D1DA /* StockMarketTradingUITests.swift */,
				04F2C72223C3229A00A2D1DA /* Info.plist */,
			);
			path = StockMarketTradingUITests;
			sourceTree = "<group>";
		};
		04F2C73223C3262100A2D1DA /* ViewModel */ = {
			isa = PBXGroup;
			children = (
				04F2C7C423C34F1D00A2D1DA /* DashboardViewModel.swift */,
			);
			path = ViewModel;
			sourceTree = "<group>";
		};
		04F2C73523C3262200A2D1DA /* Generated */ = {
			isa = PBXGroup;
			children = (
				04F2C73623C3262200A2D1DA /* SwiftGen */,
			);
			path = Generated;
			sourceTree = "<group>";
		};
		04F2C73623C3262200A2D1DA /* SwiftGen */ = {
			isa = PBXGroup;
			children = (
				04F2C73723C3262200A2D1DA /* Storyboards */,
				04F2C73A23C3262200A2D1DA /* Strings */,
				04F2C73E23C3262200A2D1DA /* Colors */,
				04F2C74023C3262200A2D1DA /* Fonts */,
				04F2C74223C3262200A2D1DA /* Assets */,
				04F2C74423C3262200A2D1DA /* JSONFiles */,
			);
			path = SwiftGen;
			sourceTree = "<group>";
		};
		04F2C73723C3262200A2D1DA /* Storyboards */ = {
			isa = PBXGroup;
			children = (
				04F2C73823C3262200A2D1DA /* StoryboardSegues.swift */,
				04F2C73923C3262200A2D1DA /* StoryboardScenes.swift */,
			);
			path = Storyboards;
			sourceTree = "<group>";
		};
		04F2C73A23C3262200A2D1DA /* Strings */ = {
			isa = PBXGroup;
			children = (
				04F2C73B23C3262200A2D1DA /* GeneratedStrings.swift */,
			);
			path = Strings;
			sourceTree = "<group>";
		};
		04F2C73E23C3262200A2D1DA /* Colors */ = {
			isa = PBXGroup;
			children = (
				04F2C73F23C3262200A2D1DA /* GeneratedColors.swift */,
			);
			path = Colors;
			sourceTree = "<group>";
		};
		04F2C74023C3262200A2D1DA /* Fonts */ = {
			isa = PBXGroup;
			children = (
				04F2C74123C3262200A2D1DA /* GeneratedFonts.swift */,
			);
			path = Fonts;
			sourceTree = "<group>";
		};
		04F2C74223C3262200A2D1DA /* Assets */ = {
			isa = PBXGroup;
			children = (
				04F2C74323C3262200A2D1DA /* Assets.swift */,
			);
			path = Assets;
			sourceTree = "<group>";
		};
		04F2C74423C3262200A2D1DA /* JSONFiles */ = {
			isa = PBXGroup;
			children = (
				04F2C74523C3262200A2D1DA /* GeneratedJSONFiles.swift */,
			);
			path = JSONFiles;
			sourceTree = "<group>";
		};
		04F2C74623C3262200A2D1DA /* Views */ = {
			isa = PBXGroup;
			children = (
				04F2C74723C3262200A2D1DA /* CustomViews */,
			);
			path = Views;
			sourceTree = "<group>";
		};
		04F2C74723C3262200A2D1DA /* CustomViews */ = {
			isa = PBXGroup;
			children = (
				04F2C74823C3262200A2D1DA /* CustomButton.swift */,
				04F2C74923C3262200A2D1DA /* ReusableView.swift */,
			);
			path = CustomViews;
			sourceTree = "<group>";
		};
		04F2C74F23C3262200A2D1DA /* Extensions */ = {
			isa = PBXGroup;
			children = (
				04F2C75023C3262200A2D1DA /* DateExtensions */,
				04F2C75523C3262200A2D1DA /* FontExtension.swift */,
				04F2C75623C3262200A2D1DA /* CustomViewExtension.swift */,
				04F2C75923C3262200A2D1DA /* UIViewControllerExtension.swift */,
				04F2C75A23C3262200A2D1DA /* NavigationControllerExtension.swift */,
				04F2C75B23C3262200A2D1DA /* BundleExtension.swift */,
				04F2C75D23C3262200A2D1DA /* ColourConstant.swift */,
				04F2C75E23C3262200A2D1DA /* UITableView+Extensions.swift */,
				04F2C75F23C3262200A2D1DA /* AlertControllerExtension */,
			);
			path = Extensions;
			sourceTree = "<group>";
		};
		04F2C75023C3262200A2D1DA /* DateExtensions */ = {
			isa = PBXGroup;
			children = (
				04F2C75123C3262200A2D1DA /* DateFormatter+Formatters.swift */,
				04F2C75223C3262200A2D1DA /* String+Extension .swift */,
				04F2C75323C3262200A2D1DA /* Date+Extensions.swift */,
			);
			path = DateExtensions;
			sourceTree = "<group>";
		};
		04F2C75F23C3262200A2D1DA /* AlertControllerExtension */ = {
			isa = PBXGroup;
			children = (
				04F2C76023C3262200A2D1DA /* UIAlertControllerExtension.swift */,
				04F2C76123C3262200A2D1DA /* AlertAction.swift */,
			);
			path = AlertControllerExtension;
			sourceTree = "<group>";
		};
		04F2C76223C3262200A2D1DA /* APIWrappers */ = {
			isa = PBXGroup;
			children = (
				04F2C7C623C3502800A2D1DA /* PaymentsNetwork.swift */,
			);
			path = APIWrappers;
			sourceTree = "<group>";
		};
		04F2C76523C3262200A2D1DA /* Models */ = {
			isa = PBXGroup;
			children = (
				04F2C7C823C350EB00A2D1DA /* PriceModel.swift */,
			);
			path = Models;
			sourceTree = "<group>";
		};
		04F2C76A23C3262200A2D1DA /* Resources */ = {
			isa = PBXGroup;
			children = (
				04F2C76B23C3262200A2D1DA /* Strings */,
				04F2C76E23C3262200A2D1DA /* JsonFIle */,
				04F2C70723C3229A00A2D1DA /* Assets.xcassets */,
				04F2C77123C3262200A2D1DA /* Icons.xcassets */,
				04F2C77223C3262200A2D1DA /* Colors */,
				04F2C77423C3262200A2D1DA /* Fonts */,
			);
			path = Resources;
			sourceTree = "<group>";
		};
		04F2C76B23C3262200A2D1DA /* Strings */ = {
			isa = PBXGroup;
			children = (
				04F2C76C23C3262200A2D1DA /* DashBoard.strings */,
				04F2C76D23C3262200A2D1DA /* Mock.strings */,
			);
			path = Strings;
			sourceTree = "<group>";
		};
		04F2C76E23C3262200A2D1DA /* JsonFIle */ = {
			isa = PBXGroup;
			children = (
				04F2C76F23C3262200A2D1DA /* BlockchainTicker.json */,
			);
			path = JsonFIle;
			sourceTree = "<group>";
		};
		04F2C77223C3262200A2D1DA /* Colors */ = {
			isa = PBXGroup;
			children = (
				04F2C77323C3262200A2D1DA /* StandardColors.txt */,
			);
			path = Colors;
			sourceTree = "<group>";
		};
		04F2C77423C3262200A2D1DA /* Fonts */ = {
			isa = PBXGroup;
			children = (
				04F2C77523C3262200A2D1DA /* source-sans-pro.regular.ttf */,
				04F2C77623C3262200A2D1DA /* source-sans-pro.light.ttf */,
				04F2C77723C3262200A2D1DA /* source-sans-pro.bold.ttf */,
			);
			path = Fonts;
			sourceTree = "<group>";
		};
		04F2C77823C3262200A2D1DA /* Utility */ = {
			isa = PBXGroup;
			children = (
				04419B8823C40EC300AAA181 /* PaymentValidation */,
			);
			path = Utility;
			sourceTree = "<group>";
		};
		04F2C77F23C3262200A2D1DA /* Networking */ = {
			isa = PBXGroup;
			children = (
				04F2C78023C3262200A2D1DA /* URLRequest+Extensions.swift */,
				04F2C78223C3262200A2D1DA /* WebService.swift */,
				04F2C78323C3262200A2D1DA /* URL+Extensions.swift */,
				04F2C78423C3262200A2D1DA /* NetworkError.swift */,
			);
			path = Networking;
			sourceTree = "<group>";
		};
		04F2C78523C3262200A2D1DA /* ViewController */ = {
			isa = PBXGroup;
			children = (
				04419B8F23C4204600AAA181 /* BaseViewController.swift */,
				04F2C7C223C34F0800A2D1DA /* DashboardViewController.swift */,
			);
			path = ViewController;
			sourceTree = "<group>";
		};
		04F2C7BD23C3407C00A2D1DA /* BuildScripts */ = {
			isa = PBXGroup;
			children = (
				04F2C72E23C3252100A2D1DA /* generate-swiftgen.sh */,
				04F2C72F23C3252100A2D1DA /* swiftgen.yml */,
				04F2C7BF23C3420600A2D1DA /* .swiftlint.yml */,
			);
			name = BuildScripts;
			sourceTree = "<group>";
		};
		04F2C7CD23C3544700A2D1DA /* MockResources */ = {
			isa = PBXGroup;
			children = (
				04F2C7CE23C3544700A2D1DA /* PaymentsNetwork.json */,
			);
			path = MockResources;
			sourceTree = "<group>";
		};
		62B36E747D9E61FE972D7B57 /* Pods */ = {
			isa = PBXGroup;
			children = (
				64C1C4CED5A8482F5FC3C816 /* Pods-StockMarketTrading.debug.xcconfig */,
				75ED975483B1A16C9660EB07 /* Pods-StockMarketTrading.release.xcconfig */,
				DFA3522B1946C4963F37F475 /* Pods-StockMarketTrading-StockMarketTradingUITests.debug.xcconfig */,
				17615B426D5C02ECD4DDB54B /* Pods-StockMarketTrading-StockMarketTradingUITests.release.xcconfig */,
				5E1C633FF6D261686F459BE6 /* Pods-StockMarketTradingTests.debug.xcconfig */,
				C53A5DCB1D92BF8271B99651 /* Pods-StockMarketTradingTests.release.xcconfig */,
			);
			path = Pods;
			sourceTree = "<group>";
		};
		E115822AC6EED30058A040E6 /* Frameworks */ = {
			isa = PBXGroup;
			children = (
				0D3A4AD6E8B955C7BA45DAC0 /* Pods_StockMarketTrading.framework */,
				7057BACBFF55C605B34B5F1B /* Pods_StockMarketTrading_StockMarketTradingUITests.framework */,
				DB137491B291CC85F7EAA03D /* Pods_StockMarketTradingTests.framework */,
			);
			name = Frameworks;
			sourceTree = "<group>";
		};
/* End PBXGroup section */

/* Begin PBXNativeTarget section */
		04F2C6F723C3229800A2D1DA /* StockMarketTrading */ = {
			isa = PBXNativeTarget;
			buildConfigurationList = 04F2C72523C3229A00A2D1DA /* Build configuration list for PBXNativeTarget "StockMarketTrading" */;
			buildPhases = (
				BDEB15794C23585C186B23E2 /* [CP] Check Pods Manifest.lock */,
				04F2C6F423C3229800A2D1DA /* Sources */,
				04F2C6F523C3229800A2D1DA /* Frameworks */,
				04F2C6F623C3229800A2D1DA /* Resources */,
				9897FB56A44BF5541A0A53FD /* [CP] Embed Pods Frameworks */,
				04F2C7BE23C3417400A2D1DA /* SwiftGen Script */,
				04F2C7C123C3427400A2D1DA /* Swiftlint Script */,
			);
			buildRules = (
			);
			dependencies = (
			);
			name = StockMarketTrading;
			productName = StockMarketTrading;
			productReference = 04F2C6F823C3229800A2D1DA /* StockMarketTrading.app */;
			productType = "com.apple.product-type.application";
		};
		04F2C71023C3229A00A2D1DA /* StockMarketTradingTests */ = {
			isa = PBXNativeTarget;
			buildConfigurationList = 04F2C72823C3229A00A2D1DA /* Build configuration list for PBXNativeTarget "StockMarketTradingTests" */;
			buildPhases = (
				E4C17BEFA42882D9412BC449 /* [CP] Check Pods Manifest.lock */,
				04F2C70D23C3229A00A2D1DA /* Sources */,
				04F2C70E23C3229A00A2D1DA /* Frameworks */,
				04F2C70F23C3229A00A2D1DA /* Resources */,
				902427F5043C73FB04E32EC9 /* [CP] Embed Pods Frameworks */,
				04F2C7CA23C3530800A2D1DA /* Cuckoo Script */,
			);
			buildRules = (
			);
			dependencies = (
				04F2C71323C3229A00A2D1DA /* PBXTargetDependency */,
			);
			name = StockMarketTradingTests;
			productName = StockMarketTradingTests;
			productReference = 04F2C71123C3229A00A2D1DA /* StockMarketTradingTests.xctest */;
			productType = "com.apple.product-type.bundle.unit-test";
		};
		04F2C71B23C3229A00A2D1DA /* StockMarketTradingUITests */ = {
			isa = PBXNativeTarget;
			buildConfigurationList = 04F2C72B23C3229A00A2D1DA /* Build configuration list for PBXNativeTarget "StockMarketTradingUITests" */;
			buildPhases = (
				58F102B335BFE56D8D237346 /* [CP] Check Pods Manifest.lock */,
				04F2C71823C3229A00A2D1DA /* Sources */,
				04F2C71923C3229A00A2D1DA /* Frameworks */,
				04F2C71A23C3229A00A2D1DA /* Resources */,
				4381303BC7BE1B82C469DACB /* [CP] Embed Pods Frameworks */,
			);
			buildRules = (
			);
			dependencies = (
				04F2C71E23C3229A00A2D1DA /* PBXTargetDependency */,
			);
			name = StockMarketTradingUITests;
			productName = StockMarketTradingUITests;
			productReference = 04F2C71C23C3229A00A2D1DA /* StockMarketTradingUITests.xctest */;
			productType = "com.apple.product-type.bundle.ui-testing";
		};
/* End PBXNativeTarget section */

/* Begin PBXProject section */
		04F2C6F023C3229800A2D1DA /* Project object */ = {
			isa = PBXProject;
			attributes = {
				LastSwiftUpdateCheck = 1130;
				LastUpgradeCheck = 1130;
				ORGANIZATIONNAME = "Nischal Hada";
				TargetAttributes = {
					04F2C6F723C3229800A2D1DA = {
						CreatedOnToolsVersion = 11.3;
					};
					04F2C71023C3229A00A2D1DA = {
						CreatedOnToolsVersion = 11.3;
						TestTargetID = 04F2C6F723C3229800A2D1DA;
					};
					04F2C71B23C3229A00A2D1DA = {
						CreatedOnToolsVersion = 11.3;
						TestTargetID = 04F2C6F723C3229800A2D1DA;
					};
				};
			};
			buildConfigurationList = 04F2C6F323C3229800A2D1DA /* Build configuration list for PBXProject "StockMarketTrading" */;
			compatibilityVersion = "Xcode 9.3";
			developmentRegion = en;
			hasScannedForEncodings = 0;
			knownRegions = (
				en,
				Base,
			);
			mainGroup = 04F2C6EF23C3229800A2D1DA;
			productRefGroup = 04F2C6F923C3229800A2D1DA /* Products */;
			projectDirPath = "";
			projectRoot = "";
			targets = (
				04F2C6F723C3229800A2D1DA /* StockMarketTrading */,
				04F2C71023C3229A00A2D1DA /* StockMarketTradingTests */,
				04F2C71B23C3229A00A2D1DA /* StockMarketTradingUITests */,
			);
		};
/* End PBXProject section */

/* Begin PBXResourcesBuildPhase section */
		04F2C6F623C3229800A2D1DA /* Resources */ = {
			isa = PBXResourcesBuildPhase;
			buildActionMask = 2147483647;
			files = (
				04F2C73023C3252100A2D1DA /* generate-swiftgen.sh in Resources */,
				04F2C7B123C3262200A2D1DA /* source-sans-pro.regular.ttf in Resources */,
				04F2C73123C3252100A2D1DA /* swiftgen.yml in Resources */,
				04F2C70B23C3229A00A2D1DA /* LaunchScreen.storyboard in Resources */,
				04F2C70823C3229A00A2D1DA /* Assets.xcassets in Resources */,
				04F2C7B223C3262200A2D1DA /* source-sans-pro.light.ttf in Resources */,
				04F2C7AB23C3262200A2D1DA /* DashBoard.strings in Resources */,
				04F2C7B023C3262200A2D1DA /* StandardColors.txt in Resources */,
				04F2C7AD23C3262200A2D1DA /* BlockchainTicker.json in Resources */,
				04F2C7B323C3262200A2D1DA /* source-sans-pro.bold.ttf in Resources */,
				04F2C7C023C3420600A2D1DA /* .swiftlint.yml in Resources */,
				04F2C7AC23C3262200A2D1DA /* Mock.strings in Resources */,
				04F2C70323C3229800A2D1DA /* Main.storyboard in Resources */,
				04F2C7AF23C3262200A2D1DA /* Icons.xcassets in Resources */,
			);
			runOnlyForDeploymentPostprocessing = 0;
		};
		04F2C70F23C3229A00A2D1DA /* Resources */ = {
			isa = PBXResourcesBuildPhase;
			buildActionMask = 2147483647;
			files = (
				04F2C7CF23C3544700A2D1DA /* PaymentsNetwork.json in Resources */,
			);
			runOnlyForDeploymentPostprocessing = 0;
		};
		04F2C71A23C3229A00A2D1DA /* Resources */ = {
			isa = PBXResourcesBuildPhase;
			buildActionMask = 2147483647;
			files = (
			);
			runOnlyForDeploymentPostprocessing = 0;
		};
/* End PBXResourcesBuildPhase section */

/* Begin PBXShellScriptBuildPhase section */
		04F2C7BE23C3417400A2D1DA /* SwiftGen Script */ = {
			isa = PBXShellScriptBuildPhase;
			buildActionMask = 2147483647;
			files = (
			);
			inputFileListPaths = (
			);
			inputPaths = (
			);
			name = "SwiftGen Script";
			outputFileListPaths = (
			);
			outputPaths = (
			);
			runOnlyForDeploymentPostprocessing = 0;
			shellPath = /bin/sh;
			shellScript = "$PODS_ROOT/SwiftGen/bin/swiftgen\n";
		};
		04F2C7C123C3427400A2D1DA /* Swiftlint Script */ = {
			isa = PBXShellScriptBuildPhase;
			buildActionMask = 2147483647;
			files = (
			);
			inputFileListPaths = (
			);
			inputPaths = (
			);
			name = "Swiftlint Script";
			outputFileListPaths = (
			);
			outputPaths = (
			);
			runOnlyForDeploymentPostprocessing = 0;
			shellPath = /bin/sh;
			shellScript = "if which swiftlint >/dev/null; then\nswiftlint\nelse\necho \"warning: SwiftLint not installed, download from https://github.com/realm/SwiftLint\"\nfi\n\n";
		};
		04F2C7CA23C3530800A2D1DA /* Cuckoo Script */ = {
			isa = PBXShellScriptBuildPhase;
			buildActionMask = 2147483647;
			files = (
			);
			inputFileListPaths = (
			);
			inputPaths = (
				"$(SRCROOT)/StockMarketTrading//Networking/WebService.swift",
				"$(SRCROOT)/StockMarketTrading/APIWrappers/PaymentsNetwork.swift",
			);
			name = "Cuckoo Script";
			outputFileListPaths = (
			);
			outputPaths = (
			);
			runOnlyForDeploymentPostprocessing = 0;
			shellPath = /bin/sh;
			shellScript = "# Define output file. Change \"${PROJECT_DIR}/${PROJECT_NAME}Tests\" to your test's root source folder, if it's not the default name.\nOUTPUT_FILE=\"${PROJECT_DIR}/${PROJECT_NAME}Tests/GeneratedMocks.swift\"\necho \"Generated Mocks File = ${OUTPUT_FILE}\"\n\n# Define input directory. Change \"${PROJECT_DIR}/${PROJECT_NAME}\" to your project's root source folder, if it's not the default name.\nINPUT_DIR=\"${PROJECT_DIR}/${PROJECT_NAME}\"\necho \"Mocks Input Directory = ${INPUT_DIR}\"\n\n# Generate mock files, include as many input files as you'd like to create mocks for.\n\"${PODS_ROOT}/Cuckoo/run\" generate --testable \"${PROJECT_NAME}\" \\\n--output \"${OUTPUT_FILE}\" \\\n\n# ... and so forth, the last line should never end with a backslash\n\n# After running once, locate `GeneratedMocks.swift` and drag it into your Xcode test target group.\n\n";
		};
		4381303BC7BE1B82C469DACB /* [CP] Embed Pods Frameworks */ = {
			isa = PBXShellScriptBuildPhase;
			buildActionMask = 2147483647;
			files = (
			);
			inputFileListPaths = (
				"${PODS_ROOT}/Target Support Files/Pods-StockMarketTrading-StockMarketTradingUITests/Pods-StockMarketTrading-StockMarketTradingUITests-frameworks-${CONFIGURATION}-input-files.xcfilelist",
			);
			name = "[CP] Embed Pods Frameworks";
			outputFileListPaths = (
				"${PODS_ROOT}/Target Support Files/Pods-StockMarketTrading-StockMarketTradingUITests/Pods-StockMarketTrading-StockMarketTradingUITests-frameworks-${CONFIGURATION}-output-files.xcfilelist",
			);
			runOnlyForDeploymentPostprocessing = 0;
			shellPath = /bin/sh;
			shellScript = "\"${PODS_ROOT}/Target Support Files/Pods-StockMarketTrading-StockMarketTradingUITests/Pods-StockMarketTrading-StockMarketTradingUITests-frameworks.sh\"\n";
			showEnvVarsInLog = 0;
		};
		58F102B335BFE56D8D237346 /* [CP] Check Pods Manifest.lock */ = {
			isa = PBXShellScriptBuildPhase;
			buildActionMask = 2147483647;
			files = (
			);
			inputFileListPaths = (
			);
			inputPaths = (
				"${PODS_PODFILE_DIR_PATH}/Podfile.lock",
				"${PODS_ROOT}/Manifest.lock",
			);
			name = "[CP] Check Pods Manifest.lock";
			outputFileListPaths = (
			);
			outputPaths = (
				"$(DERIVED_FILE_DIR)/Pods-StockMarketTrading-StockMarketTradingUITests-checkManifestLockResult.txt",
			);
			runOnlyForDeploymentPostprocessing = 0;
			shellPath = /bin/sh;
			shellScript = "diff \"${PODS_PODFILE_DIR_PATH}/Podfile.lock\" \"${PODS_ROOT}/Manifest.lock\" > /dev/null\nif [ $? != 0 ] ; then\n    # print error to STDERR\n    echo \"error: The sandbox is not in sync with the Podfile.lock. Run 'pod install' or update your CocoaPods installation.\" >&2\n    exit 1\nfi\n# This output is used by Xcode 'outputs' to avoid re-running this script phase.\necho \"SUCCESS\" > \"${SCRIPT_OUTPUT_FILE_0}\"\n";
			showEnvVarsInLog = 0;
		};
		902427F5043C73FB04E32EC9 /* [CP] Embed Pods Frameworks */ = {
			isa = PBXShellScriptBuildPhase;
			buildActionMask = 2147483647;
			files = (
			);
			inputFileListPaths = (
				"${PODS_ROOT}/Target Support Files/Pods-StockMarketTradingTests/Pods-StockMarketTradingTests-frameworks-${CONFIGURATION}-input-files.xcfilelist",
			);
			name = "[CP] Embed Pods Frameworks";
			outputFileListPaths = (
				"${PODS_ROOT}/Target Support Files/Pods-StockMarketTradingTests/Pods-StockMarketTradingTests-frameworks-${CONFIGURATION}-output-files.xcfilelist",
			);
			runOnlyForDeploymentPostprocessing = 0;
			shellPath = /bin/sh;
			shellScript = "\"${PODS_ROOT}/Target Support Files/Pods-StockMarketTradingTests/Pods-StockMarketTradingTests-frameworks.sh\"\n";
			showEnvVarsInLog = 0;
		};
		9897FB56A44BF5541A0A53FD /* [CP] Embed Pods Frameworks */ = {
			isa = PBXShellScriptBuildPhase;
			buildActionMask = 2147483647;
			files = (
			);
			inputFileListPaths = (
				"${PODS_ROOT}/Target Support Files/Pods-StockMarketTrading/Pods-StockMarketTrading-frameworks-${CONFIGURATION}-input-files.xcfilelist",
			);
			name = "[CP] Embed Pods Frameworks";
			outputFileListPaths = (
				"${PODS_ROOT}/Target Support Files/Pods-StockMarketTrading/Pods-StockMarketTrading-frameworks-${CONFIGURATION}-output-files.xcfilelist",
			);
			runOnlyForDeploymentPostprocessing = 0;
			shellPath = /bin/sh;
			shellScript = "\"${PODS_ROOT}/Target Support Files/Pods-StockMarketTrading/Pods-StockMarketTrading-frameworks.sh\"\n";
			showEnvVarsInLog = 0;
		};
		BDEB15794C23585C186B23E2 /* [CP] Check Pods Manifest.lock */ = {
			isa = PBXShellScriptBuildPhase;
			buildActionMask = 2147483647;
			files = (
			);
			inputFileListPaths = (
			);
			inputPaths = (
				"${PODS_PODFILE_DIR_PATH}/Podfile.lock",
				"${PODS_ROOT}/Manifest.lock",
			);
			name = "[CP] Check Pods Manifest.lock";
			outputFileListPaths = (
			);
			outputPaths = (
				"$(DERIVED_FILE_DIR)/Pods-StockMarketTrading-checkManifestLockResult.txt",
			);
			runOnlyForDeploymentPostprocessing = 0;
			shellPath = /bin/sh;
			shellScript = "diff \"${PODS_PODFILE_DIR_PATH}/Podfile.lock\" \"${PODS_ROOT}/Manifest.lock\" > /dev/null\nif [ $? != 0 ] ; then\n    # print error to STDERR\n    echo \"error: The sandbox is not in sync with the Podfile.lock. Run 'pod install' or update your CocoaPods installation.\" >&2\n    exit 1\nfi\n# This output is used by Xcode 'outputs' to avoid re-running this script phase.\necho \"SUCCESS\" > \"${SCRIPT_OUTPUT_FILE_0}\"\n";
			showEnvVarsInLog = 0;
		};
		E4C17BEFA42882D9412BC449 /* [CP] Check Pods Manifest.lock */ = {
			isa = PBXShellScriptBuildPhase;
			buildActionMask = 2147483647;
			files = (
			);
			inputFileListPaths = (
			);
			inputPaths = (
				"${PODS_PODFILE_DIR_PATH}/Podfile.lock",
				"${PODS_ROOT}/Manifest.lock",
			);
			name = "[CP] Check Pods Manifest.lock";
			outputFileListPaths = (
			);
			outputPaths = (
				"$(DERIVED_FILE_DIR)/Pods-StockMarketTradingTests-checkManifestLockResult.txt",
			);
			runOnlyForDeploymentPostprocessing = 0;
			shellPath = /bin/sh;
			shellScript = "diff \"${PODS_PODFILE_DIR_PATH}/Podfile.lock\" \"${PODS_ROOT}/Manifest.lock\" > /dev/null\nif [ $? != 0 ] ; then\n    # print error to STDERR\n    echo \"error: The sandbox is not in sync with the Podfile.lock. Run 'pod install' or update your CocoaPods installation.\" >&2\n    exit 1\nfi\n# This output is used by Xcode 'outputs' to avoid re-running this script phase.\necho \"SUCCESS\" > \"${SCRIPT_OUTPUT_FILE_0}\"\n";
			showEnvVarsInLog = 0;
		};
/* End PBXShellScriptBuildPhase section */

/* Begin PBXSourcesBuildPhase section */
		04F2C6F423C3229800A2D1DA /* Sources */ = {
			isa = PBXSourcesBuildPhase;
			buildActionMask = 2147483647;
			files = (
				04F2C7BA23C3262200A2D1DA /* URL+Extensions.swift in Sources */,
				04F2C78923C3262200A2D1DA /* StoryboardSegues.swift in Sources */,
				04F2C7C723C3502800A2D1DA /* PaymentsNetwork.swift in Sources */,
				04F2C70623C3229800A2D1DA /* StockMarketTrading.xcdatamodeld in Sources */,
				04419B8C23C40FC000AAA181 /* PaymentValidation.swift in Sources */,
				04F2C7A123C3262200A2D1DA /* ColourConstant.swift in Sources */,
				04F2C7A323C3262200A2D1DA /* UIAlertControllerExtension.swift in Sources */,
				04F2C79F23C3262200A2D1DA /* BundleExtension.swift in Sources */,
				04F2C7A423C3262200A2D1DA /* AlertAction.swift in Sources */,
				04F2C7C523C34F1D00A2D1DA /* DashboardViewModel.swift in Sources */,
				04F2C79823C3262200A2D1DA /* Date+Extensions.swift in Sources */,
				04419B9023C4204600AAA181 /* BaseViewController.swift in Sources */,
				04F2C70023C3229800A2D1DA /* ViewController.swift in Sources */,
				04F2C78A23C3262200A2D1DA /* StoryboardScenes.swift in Sources */,
				04F2C79E23C3262200A2D1DA /* NavigationControllerExtension.swift in Sources */,
				04F2C7B923C3262200A2D1DA /* WebService.swift in Sources */,
				04F2C7A223C3262200A2D1DA /* UITableView+Extensions.swift in Sources */,
				04419B8E23C410BE00AAA181 /* ValidationUtils.swift in Sources */,
				04F2C79B23C3262200A2D1DA /* CustomViewExtension.swift in Sources */,
				04F2C78E23C3262200A2D1DA /* GeneratedFonts.swift in Sources */,
				04F2C79623C3262200A2D1DA /* DateFormatter+Formatters.swift in Sources */,
				04F2C6FC23C3229800A2D1DA /* AppDelegate.swift in Sources */,
				04F2C6FE23C3229800A2D1DA /* SceneDelegate.swift in Sources */,
				04F2C78F23C3262200A2D1DA /* Assets.swift in Sources */,
				04F2C7C923C350EB00A2D1DA /* PriceModel.swift in Sources */,
				04F2C79023C3262200A2D1DA /* GeneratedJSONFiles.swift in Sources */,
				04419B8A23C40EDF00AAA181 /* ValidationResult.swift in Sources */,
				04F2C7B723C3262200A2D1DA /* URLRequest+Extensions.swift in Sources */,
				04F2C78B23C3262200A2D1DA /* GeneratedStrings.swift in Sources */,
				04F2C79223C3262200A2D1DA /* ReusableView.swift in Sources */,
				04F2C79723C3262200A2D1DA /* String+Extension .swift in Sources */,
				04F2C79D23C3262200A2D1DA /* UIViewControllerExtension.swift in Sources */,
				04F2C7C323C34F0800A2D1DA /* DashboardViewController.swift in Sources */,
				04F2C7BB23C3262200A2D1DA /* NetworkError.swift in Sources */,
				04F2C78D23C3262200A2D1DA /* GeneratedColors.swift in Sources */,
				04F2C79123C3262200A2D1DA /* CustomButton.swift in Sources */,
				04F2C79A23C3262200A2D1DA /* FontExtension.swift in Sources */,
			);
			runOnlyForDeploymentPostprocessing = 0;
		};
		04F2C70D23C3229A00A2D1DA /* Sources */ = {
			isa = PBXSourcesBuildPhase;
			buildActionMask = 2147483647;
			files = (
				04F2C71623C3229A00A2D1DA /* StockMarketTradingTests.swift in Sources */,
				04F2C7D323C3545200A2D1DA /* MaterializedSequenceResult.swift in Sources */,
				04F2C7D423C3545200A2D1DA /* MockError.swift in Sources */,
				04F2C7CC23C3537400A2D1DA /* GeneratedMocks.swift in Sources */,
				04F2C7D723C3547800A2D1DA /* PaymentsNetworkTests.swift in Sources */,
				04F2C7D923C35C0900A2D1DA /* DashboardViewModelTests.swift in Sources */,
				04F2C7D523C3545200A2D1DA /* MockData.swift in Sources */,
			);
			runOnlyForDeploymentPostprocessing = 0;
		};
		04F2C71823C3229A00A2D1DA /* Sources */ = {
			isa = PBXSourcesBuildPhase;
			buildActionMask = 2147483647;
			files = (
				04F2C72123C3229A00A2D1DA /* StockMarketTradingUITests.swift in Sources */,
			);
			runOnlyForDeploymentPostprocessing = 0;
		};
/* End PBXSourcesBuildPhase section */

/* Begin PBXTargetDependency section */
		04F2C71323C3229A00A2D1DA /* PBXTargetDependency */ = {
			isa = PBXTargetDependency;
			target = 04F2C6F723C3229800A2D1DA /* StockMarketTrading */;
			targetProxy = 04F2C71223C3229A00A2D1DA /* PBXContainerItemProxy */;
		};
		04F2C71E23C3229A00A2D1DA /* PBXTargetDependency */ = {
			isa = PBXTargetDependency;
			target = 04F2C6F723C3229800A2D1DA /* StockMarketTrading */;
			targetProxy = 04F2C71D23C3229A00A2D1DA /* PBXContainerItemProxy */;
		};
/* End PBXTargetDependency section */

/* Begin PBXVariantGroup section */
		04F2C70123C3229800A2D1DA /* Main.storyboard */ = {
			isa = PBXVariantGroup;
			children = (
				04F2C70223C3229800A2D1DA /* Base */,
			);
			name = Main.storyboard;
			sourceTree = "<group>";
		};
		04F2C70923C3229A00A2D1DA /* LaunchScreen.storyboard */ = {
			isa = PBXVariantGroup;
			children = (
				04F2C70A23C3229A00A2D1DA /* Base */,
			);
			name = LaunchScreen.storyboard;
			sourceTree = "<group>";
		};
/* End PBXVariantGroup section */

/* Begin XCBuildConfiguration section */
		04F2C72323C3229A00A2D1DA /* Debug */ = {
			isa = XCBuildConfiguration;
			buildSettings = {
				ALWAYS_SEARCH_USER_PATHS = NO;
				CLANG_ANALYZER_NONNULL = YES;
				CLANG_ANALYZER_NUMBER_OBJECT_CONVERSION = YES_AGGRESSIVE;
				CLANG_CXX_LANGUAGE_STANDARD = "gnu++14";
				CLANG_CXX_LIBRARY = "libc++";
				CLANG_ENABLE_MODULES = YES;
				CLANG_ENABLE_OBJC_ARC = YES;
				CLANG_ENABLE_OBJC_WEAK = YES;
				CLANG_WARN_BLOCK_CAPTURE_AUTORELEASING = YES;
				CLANG_WARN_BOOL_CONVERSION = YES;
				CLANG_WARN_COMMA = YES;
				CLANG_WARN_CONSTANT_CONVERSION = YES;
				CLANG_WARN_DEPRECATED_OBJC_IMPLEMENTATIONS = YES;
				CLANG_WARN_DIRECT_OBJC_ISA_USAGE = YES_ERROR;
				CLANG_WARN_DOCUMENTATION_COMMENTS = YES;
				CLANG_WARN_EMPTY_BODY = YES;
				CLANG_WARN_ENUM_CONVERSION = YES;
				CLANG_WARN_INFINITE_RECURSION = YES;
				CLANG_WARN_INT_CONVERSION = YES;
				CLANG_WARN_NON_LITERAL_NULL_CONVERSION = YES;
				CLANG_WARN_OBJC_IMPLICIT_RETAIN_SELF = YES;
				CLANG_WARN_OBJC_LITERAL_CONVERSION = YES;
				CLANG_WARN_OBJC_ROOT_CLASS = YES_ERROR;
				CLANG_WARN_RANGE_LOOP_ANALYSIS = YES;
				CLANG_WARN_STRICT_PROTOTYPES = YES;
				CLANG_WARN_SUSPICIOUS_MOVE = YES;
				CLANG_WARN_UNGUARDED_AVAILABILITY = YES_AGGRESSIVE;
				CLANG_WARN_UNREACHABLE_CODE = YES;
				CLANG_WARN__DUPLICATE_METHOD_MATCH = YES;
				COPY_PHASE_STRIP = NO;
				DEBUG_INFORMATION_FORMAT = dwarf;
				ENABLE_STRICT_OBJC_MSGSEND = YES;
				ENABLE_TESTABILITY = YES;
				GCC_C_LANGUAGE_STANDARD = gnu11;
				GCC_DYNAMIC_NO_PIC = NO;
				GCC_NO_COMMON_BLOCKS = YES;
				GCC_OPTIMIZATION_LEVEL = 0;
				GCC_PREPROCESSOR_DEFINITIONS = (
					"DEBUG=1",
					"$(inherited)",
				);
				GCC_WARN_64_TO_32_BIT_CONVERSION = YES;
				GCC_WARN_ABOUT_RETURN_TYPE = YES_ERROR;
				GCC_WARN_UNDECLARED_SELECTOR = YES;
				GCC_WARN_UNINITIALIZED_AUTOS = YES_AGGRESSIVE;
				GCC_WARN_UNUSED_FUNCTION = YES;
				GCC_WARN_UNUSED_VARIABLE = YES;
				IPHONEOS_DEPLOYMENT_TARGET = 13.2;
				MTL_ENABLE_DEBUG_INFO = INCLUDE_SOURCE;
				MTL_FAST_MATH = YES;
				ONLY_ACTIVE_ARCH = YES;
				SDKROOT = iphoneos;
				SWIFT_ACTIVE_COMPILATION_CONDITIONS = DEBUG;
				SWIFT_OPTIMIZATION_LEVEL = "-Onone";
			};
			name = Debug;
		};
		04F2C72423C3229A00A2D1DA /* Release */ = {
			isa = XCBuildConfiguration;
			buildSettings = {
				ALWAYS_SEARCH_USER_PATHS = NO;
				CLANG_ANALYZER_NONNULL = YES;
				CLANG_ANALYZER_NUMBER_OBJECT_CONVERSION = YES_AGGRESSIVE;
				CLANG_CXX_LANGUAGE_STANDARD = "gnu++14";
				CLANG_CXX_LIBRARY = "libc++";
				CLANG_ENABLE_MODULES = YES;
				CLANG_ENABLE_OBJC_ARC = YES;
				CLANG_ENABLE_OBJC_WEAK = YES;
				CLANG_WARN_BLOCK_CAPTURE_AUTORELEASING = YES;
				CLANG_WARN_BOOL_CONVERSION = YES;
				CLANG_WARN_COMMA = YES;
				CLANG_WARN_CONSTANT_CONVERSION = YES;
				CLANG_WARN_DEPRECATED_OBJC_IMPLEMENTATIONS = YES;
				CLANG_WARN_DIRECT_OBJC_ISA_USAGE = YES_ERROR;
				CLANG_WARN_DOCUMENTATION_COMMENTS = YES;
				CLANG_WARN_EMPTY_BODY = YES;
				CLANG_WARN_ENUM_CONVERSION = YES;
				CLANG_WARN_INFINITE_RECURSION = YES;
				CLANG_WARN_INT_CONVERSION = YES;
				CLANG_WARN_NON_LITERAL_NULL_CONVERSION = YES;
				CLANG_WARN_OBJC_IMPLICIT_RETAIN_SELF = YES;
				CLANG_WARN_OBJC_LITERAL_CONVERSION = YES;
				CLANG_WARN_OBJC_ROOT_CLASS = YES_ERROR;
				CLANG_WARN_RANGE_LOOP_ANALYSIS = YES;
				CLANG_WARN_STRICT_PROTOTYPES = YES;
				CLANG_WARN_SUSPICIOUS_MOVE = YES;
				CLANG_WARN_UNGUARDED_AVAILABILITY = YES_AGGRESSIVE;
				CLANG_WARN_UNREACHABLE_CODE = YES;
				CLANG_WARN__DUPLICATE_METHOD_MATCH = YES;
				COPY_PHASE_STRIP = NO;
				DEBUG_INFORMATION_FORMAT = "dwarf-with-dsym";
				ENABLE_NS_ASSERTIONS = NO;
				ENABLE_STRICT_OBJC_MSGSEND = YES;
				GCC_C_LANGUAGE_STANDARD = gnu11;
				GCC_NO_COMMON_BLOCKS = YES;
				GCC_WARN_64_TO_32_BIT_CONVERSION = YES;
				GCC_WARN_ABOUT_RETURN_TYPE = YES_ERROR;
				GCC_WARN_UNDECLARED_SELECTOR = YES;
				GCC_WARN_UNINITIALIZED_AUTOS = YES_AGGRESSIVE;
				GCC_WARN_UNUSED_FUNCTION = YES;
				GCC_WARN_UNUSED_VARIABLE = YES;
				IPHONEOS_DEPLOYMENT_TARGET = 13.2;
				MTL_ENABLE_DEBUG_INFO = NO;
				MTL_FAST_MATH = YES;
				SDKROOT = iphoneos;
				SWIFT_COMPILATION_MODE = wholemodule;
				SWIFT_OPTIMIZATION_LEVEL = "-O";
				VALIDATE_PRODUCT = YES;
			};
			name = Release;
		};
		04F2C72623C3229A00A2D1DA /* Debug */ = {
			isa = XCBuildConfiguration;
			baseConfigurationReference = 64C1C4CED5A8482F5FC3C816 /* Pods-StockMarketTrading.debug.xcconfig */;
			buildSettings = {
				ASSETCATALOG_COMPILER_APPICON_NAME = AppIcon;
				CODE_SIGN_STYLE = Automatic;
				INFOPLIST_FILE = StockMarketTrading/Info.plist;
				LD_RUNPATH_SEARCH_PATHS = (
					"$(inherited)",
					"@executable_path/Frameworks",
				);
				PRODUCT_BUNDLE_IDENTIFIER = hadanischal.StockMarketTrading;
				PRODUCT_NAME = "$(TARGET_NAME)";
				SWIFT_VERSION = 5.0;
				TARGETED_DEVICE_FAMILY = "1,2";
			};
			name = Debug;
		};
		04F2C72723C3229A00A2D1DA /* Release */ = {
			isa = XCBuildConfiguration;
			baseConfigurationReference = 75ED975483B1A16C9660EB07 /* Pods-StockMarketTrading.release.xcconfig */;
			buildSettings = {
				ASSETCATALOG_COMPILER_APPICON_NAME = AppIcon;
				CODE_SIGN_STYLE = Automatic;
				INFOPLIST_FILE = StockMarketTrading/Info.plist;
				LD_RUNPATH_SEARCH_PATHS = (
					"$(inherited)",
					"@executable_path/Frameworks",
				);
				PRODUCT_BUNDLE_IDENTIFIER = hadanischal.StockMarketTrading;
				PRODUCT_NAME = "$(TARGET_NAME)";
				SWIFT_VERSION = 5.0;
				TARGETED_DEVICE_FAMILY = "1,2";
			};
			name = Release;
		};
		04F2C72923C3229A00A2D1DA /* Debug */ = {
			isa = XCBuildConfiguration;
			baseConfigurationReference = 5E1C633FF6D261686F459BE6 /* Pods-StockMarketTradingTests.debug.xcconfig */;
			buildSettings = {
				ALWAYS_EMBED_SWIFT_STANDARD_LIBRARIES = YES;
				BUNDLE_LOADER = "$(TEST_HOST)";
				CODE_SIGN_STYLE = Automatic;
				INFOPLIST_FILE = StockMarketTradingTests/Info.plist;
				IPHONEOS_DEPLOYMENT_TARGET = 13.2;
				LD_RUNPATH_SEARCH_PATHS = (
					"$(inherited)",
					"@executable_path/Frameworks",
					"@loader_path/Frameworks",
				);
				PRODUCT_BUNDLE_IDENTIFIER = hadanischal.StockMarketTradingTests;
				PRODUCT_NAME = "$(TARGET_NAME)";
				SWIFT_VERSION = 5.0;
				TARGETED_DEVICE_FAMILY = "1,2";
				TEST_HOST = "$(BUILT_PRODUCTS_DIR)/StockMarketTrading.app/StockMarketTrading";
			};
			name = Debug;
		};
		04F2C72A23C3229A00A2D1DA /* Release */ = {
			isa = XCBuildConfiguration;
			baseConfigurationReference = C53A5DCB1D92BF8271B99651 /* Pods-StockMarketTradingTests.release.xcconfig */;
			buildSettings = {
				ALWAYS_EMBED_SWIFT_STANDARD_LIBRARIES = YES;
				BUNDLE_LOADER = "$(TEST_HOST)";
				CODE_SIGN_STYLE = Automatic;
				INFOPLIST_FILE = StockMarketTradingTests/Info.plist;
				IPHONEOS_DEPLOYMENT_TARGET = 13.2;
				LD_RUNPATH_SEARCH_PATHS = (
					"$(inherited)",
					"@executable_path/Frameworks",
					"@loader_path/Frameworks",
				);
				PRODUCT_BUNDLE_IDENTIFIER = hadanischal.StockMarketTradingTests;
				PRODUCT_NAME = "$(TARGET_NAME)";
				SWIFT_VERSION = 5.0;
				TARGETED_DEVICE_FAMILY = "1,2";
				TEST_HOST = "$(BUILT_PRODUCTS_DIR)/StockMarketTrading.app/StockMarketTrading";
			};
			name = Release;
		};
		04F2C72C23C3229A00A2D1DA /* Debug */ = {
			isa = XCBuildConfiguration;
			baseConfigurationReference = DFA3522B1946C4963F37F475 /* Pods-StockMarketTrading-StockMarketTradingUITests.debug.xcconfig */;
			buildSettings = {
				ALWAYS_EMBED_SWIFT_STANDARD_LIBRARIES = YES;
				CODE_SIGN_STYLE = Automatic;
				INFOPLIST_FILE = StockMarketTradingUITests/Info.plist;
				LD_RUNPATH_SEARCH_PATHS = (
					"$(inherited)",
					"@executable_path/Frameworks",
					"@loader_path/Frameworks",
				);
				PRODUCT_BUNDLE_IDENTIFIER = hadanischal.StockMarketTradingUITests;
				PRODUCT_NAME = "$(TARGET_NAME)";
				SWIFT_VERSION = 5.0;
				TARGETED_DEVICE_FAMILY = "1,2";
				TEST_TARGET_NAME = StockMarketTrading;
			};
			name = Debug;
		};
		04F2C72D23C3229A00A2D1DA /* Release */ = {
			isa = XCBuildConfiguration;
			baseConfigurationReference = 17615B426D5C02ECD4DDB54B /* Pods-StockMarketTrading-StockMarketTradingUITests.release.xcconfig */;
			buildSettings = {
				ALWAYS_EMBED_SWIFT_STANDARD_LIBRARIES = YES;
				CODE_SIGN_STYLE = Automatic;
				INFOPLIST_FILE = StockMarketTradingUITests/Info.plist;
				LD_RUNPATH_SEARCH_PATHS = (
					"$(inherited)",
					"@executable_path/Frameworks",
					"@loader_path/Frameworks",
				);
				PRODUCT_BUNDLE_IDENTIFIER = hadanischal.StockMarketTradingUITests;
				PRODUCT_NAME = "$(TARGET_NAME)";
				SWIFT_VERSION = 5.0;
				TARGETED_DEVICE_FAMILY = "1,2";
				TEST_TARGET_NAME = StockMarketTrading;
			};
			name = Release;
		};
/* End XCBuildConfiguration section */

/* Begin XCConfigurationList section */
		04F2C6F323C3229800A2D1DA /* Build configuration list for PBXProject "StockMarketTrading" */ = {
			isa = XCConfigurationList;
			buildConfigurations = (
				04F2C72323C3229A00A2D1DA /* Debug */,
				04F2C72423C3229A00A2D1DA /* Release */,
			);
			defaultConfigurationIsVisible = 0;
			defaultConfigurationName = Release;
		};
		04F2C72523C3229A00A2D1DA /* Build configuration list for PBXNativeTarget "StockMarketTrading" */ = {
			isa = XCConfigurationList;
			buildConfigurations = (
				04F2C72623C3229A00A2D1DA /* Debug */,
				04F2C72723C3229A00A2D1DA /* Release */,
			);
			defaultConfigurationIsVisible = 0;
			defaultConfigurationName = Release;
		};
		04F2C72823C3229A00A2D1DA /* Build configuration list for PBXNativeTarget "StockMarketTradingTests" */ = {
			isa = XCConfigurationList;
			buildConfigurations = (
				04F2C72923C3229A00A2D1DA /* Debug */,
				04F2C72A23C3229A00A2D1DA /* Release */,
			);
			defaultConfigurationIsVisible = 0;
			defaultConfigurationName = Release;
		};
		04F2C72B23C3229A00A2D1DA /* Build configuration list for PBXNativeTarget "StockMarketTradingUITests" */ = {
			isa = XCConfigurationList;
			buildConfigurations = (
				04F2C72C23C3229A00A2D1DA /* Debug */,
				04F2C72D23C3229A00A2D1DA /* Release */,
			);
			defaultConfigurationIsVisible = 0;
			defaultConfigurationName = Release;
		};
/* End XCConfigurationList section */

/* Begin XCVersionGroup section */
		04F2C70423C3229800A2D1DA /* StockMarketTrading.xcdatamodeld */ = {
			isa = XCVersionGroup;
			children = (
				04F2C70523C3229800A2D1DA /* StockMarketTrading.xcdatamodel */,
			);
			currentVersion = 04F2C70523C3229800A2D1DA /* StockMarketTrading.xcdatamodel */;
			path = StockMarketTrading.xcdatamodeld;
			sourceTree = "<group>";
			versionGroupType = wrapper.xcdatamodel;
		};
/* End XCVersionGroup section */
	};
	rootObject = 04F2C6F023C3229800A2D1DA /* Project object */;
}
